
Microsoft Visual Studio Solution File, Format Version 12.00
Project("{FAE04EC0-301F-11D3-BF4B-00C04F79EFBC}") = "1. API", "1. API\1. API.csproj", "{D510FD51-AAB6-420E-92F3-F5C28E22FD11}"
EndProject
Project("{FAE04EC0-301F-11D3-BF4B-00C04F79EFBC}") = "2. Domain", "2. Domain\2. Domain.csproj", "{6FEC06FB-B7C9-4F16-B27E-42BF68C52A80}"
EndProject
Project("{FAE04EC0-301F-11D3-BF4B-00C04F79EFBC}") = "3. Data", "3. Data\3. Data.csproj", "{2E887144-2F37-4ACA-9123-D0C97452F33C}"
EndProject
Project("{FAE04EC0-301F-11D3-BF4B-00C04F79EFBC}") = "1. API.Test", "1. API.Test\1. API.Test.csproj", "{CEB7E4C1-FC4F-47A0-A77F-A8E222EDA77F}"
EndProject
Project("{FAE04EC0-301F-11D3-BF4B-00C04F79EFBC}") = "2. Domain.Test", "2. Domain.Test\2. Domain.Test.csproj", "{419C29BA-851E-487A-BF89-98D0DC6D6EC6}"
EndProject
Project("{FAE04EC0-301F-11D3-BF4B-00C04F79EFBC}") = "3. Data.Test", "3. Data.Test\3. Data.Test.csproj", "{83204A1C-37CA-485D-ABA5-1C9E0040C032}"
EndProject
Global
	GlobalSection(SolutionConfigurationPlatforms) = preSolution
		Debug|Any CPU = Debug|Any CPU
		Release|Any CPU = Release|Any CPU
	EndGlobalSection
	GlobalSection(ProjectConfigurationPlatforms) = postSolution
		{D510FD51-AAB6-420E-92F3-F5C28E22FD11}.Debug|Any CPU.ActiveCfg = Debug|Any CPU
		{D510FD51-AAB6-420E-92F3-F5C28E22FD11}.Debug|Any CPU.Build.0 = Debug|Any CPU
		{D510FD51-AAB6-420E-92F3-F5C28E22FD11}.Release|Any CPU.ActiveCfg = Release|Any CPU
		{D510FD51-AAB6-420E-92F3-F5C28E22FD11}.Release|Any CPU.Build.0 = Release|Any CPU
		{6FEC06FB-B7C9-4F16-B27E-42BF68C52A80}.Debug|Any CPU.ActiveCfg = Debug|Any CPU
		{6FEC06FB-B7C9-4F16-B27E-42BF68C52A80}.Debug|Any CPU.Build.0 = Debug|Any CPU
		{6FEC06FB-B7C9-4F16-B27E-42BF68C52A80}.Release|Any CPU.ActiveCfg = Release|Any CPU
		{6FEC06FB-B7C9-4F16-B27E-42BF68C52A80}.Release|Any CPU.Build.0 = Release|Any CPU
		{2E887144-2F37-4ACA-9123-D0C97452F33C}.Debug|Any CPU.ActiveCfg = Debug|Any CPU
		{2E887144-2F37-4ACA-9123-D0C97452F33C}.Debug|Any CPU.Build.0 = Debug|Any CPU
		{2E887144-2F37-4ACA-9123-D0C97452F33C}.Release|Any CPU.ActiveCfg = Release|Any CPU
		{2E887144-2F37-4ACA-9123-D0C97452F33C}.Release|Any CPU.Build.0 = Release|Any CPU
		{CEB7E4C1-FC4F-47A0-A77F-A8E222EDA77F}.Debug|Any CPU.ActiveCfg = Debug|Any CPU
		{CEB7E4C1-FC4F-47A0-A77F-A8E222EDA77F}.Debug|Any CPU.Build.0 = Debug|Any CPU
		{CEB7E4C1-FC4F-47A0-A77F-A8E222EDA77F}.Release|Any CPU.ActiveCfg = Release|Any CPU
		{CEB7E4C1-FC4F-47A0-A77F-A8E222EDA77F}.Release|Any CPU.Build.0 = Release|Any CPU
		{419C29BA-851E-487A-BF89-98D0DC6D6EC6}.Debug|Any CPU.ActiveCfg = Debug|Any CPU
		{419C29BA-851E-487A-BF89-98D0DC6D6EC6}.Debug|Any CPU.Build.0 = Debug|Any CPU
		{419C29BA-851E-487A-BF89-98D0DC6D6EC6}.Release|Any CPU.ActiveCfg = Release|Any CPU
		{419C29BA-851E-487A-BF89-98D0DC6D6EC6}.Release|Any CPU.Build.0 = Release|Any CPU
		{83204A1C-37CA-485D-ABA5-1C9E0040C032}.Debug|Any CPU.ActiveCfg = Debug|Any CPU
		{83204A1C-37CA-485D-ABA5-1C9E0040C032}.Debug|Any CPU.Build.0 = Debug|Any CPU
		{83204A1C-37CA-485D-ABA5-1C9E0040C032}.Release|Any CPU.ActiveCfg = Release|Any CPU
		{83204A1C-37CA-485D-ABA5-1C9E0040C032}.Release|Any CPU.Build.0 = Release|Any CPU
	EndGlobalSection
EndGlobal
